
Microsoft Visual Studio Solution File, Format Version 12.00
# Visual Studio Version 16
VisualStudioVersion = 16.0.29613.14
MinimumVisualStudioVersion = 10.0.40219.1
Project("{9A19103F-16F7-4668-BE54-9A1E7A4F7556}") = "ManagesGlobitelEmployees", "ManagesGlobitelEmployees\ManagesGlobitelEmployees.csproj", "{D482C1E5-2CA5-455D-9D2B-F36EDA994A14}"
EndProject
Project("{FAE04EC0-301F-11D3-BF4B-00C04F79EFBC}") = "AngularProject", "AngularProject\AngularProject.csproj", "{CD28A94A-7EB5-4EFD-8211-F5F9962E8A25}"
EndProject
Global
	GlobalSection(SolutionConfigurationPlatforms) = preSolution
		Debug|Any CPU = Debug|Any CPU
		Release|Any CPU = Release|Any CPU
	EndGlobalSection
	GlobalSection(ProjectConfigurationPlatforms) = postSolution
		{D482C1E5-2CA5-455D-9D2B-F36EDA994A14}.Debug|Any CPU.ActiveCfg = Debug|Any CPU
		{D482C1E5-2CA5-455D-9D2B-F36EDA994A14}.Debug|Any CPU.Build.0 = Debug|Any CPU
		{D482C1E5-2CA5-455D-9D2B-F36EDA994A14}.Release|Any CPU.ActiveCfg = Release|Any CPU
		{D482C1E5-2CA5-455D-9D2B-F36EDA994A14}.Release|Any CPU.Build.0 = Release|Any CPU
		{CD28A94A-7EB5-4EFD-8211-F5F9962E8A25}.Debug|Any CPU.ActiveCfg = Debug|Any CPU
		{CD28A94A-7EB5-4EFD-8211-F5F9962E8A25}.Debug|Any CPU.Build.0 = Debug|Any CPU
		{CD28A94A-7EB5-4EFD-8211-F5F9962E8A25}.Release|Any CPU.ActiveCfg = Release|Any CPU
		{CD28A94A-7EB5-4EFD-8211-F5F9962E8A25}.Release|Any CPU.Build.0 = Release|Any CPU
	EndGlobalSection
	GlobalSection(SolutionProperties) = preSolution
		HideSolutionNode = FALSE
	EndGlobalSection
	GlobalSection(ExtensibilityGlobals) = postSolution
		SolutionGuid = {7CAF71EE-17E2-45B7-B377-03E113B31CDF}
	EndGlobalSection
EndGlobal
